
Microsoft Visual Studio Solution File, Format Version 12.00
# Visual Studio Version 17
VisualStudioVersion = 17.11.35312.102
MinimumVisualStudioVersion = 10.0.40219.1
Project("{FAE04EC0-301F-11D3-BF4B-00C04F79EFBC}") = "Juego_ahorcado", "Juego_ahorcado\Juego_ahorcado.csproj", "{A99B67EE-B67F-4372-A7D8-36DC1549CCAA}"
EndProject
Global
	GlobalSection(SolutionConfigurationPlatforms) = preSolution
		Debug|Any CPU = Debug|Any CPU
		Release|Any CPU = Release|Any CPU
	EndGlobalSection
	GlobalSection(ProjectConfigurationPlatforms) = postSolution
		{A99B67EE-B67F-4372-A7D8-36DC1549CCAA}.Debug|Any CPU.ActiveCfg = Debug|Any CPU
		{A99B67EE-B67F-4372-A7D8-36DC1549CCAA}.Debug|Any CPU.Build.0 = Debug|Any CPU
		{A99B67EE-B67F-4372-A7D8-36DC1549CCAA}.Release|Any CPU.ActiveCfg = Release|Any CPU
		{A99B67EE-B67F-4372-A7D8-36DC1549CCAA}.Release|Any CPU.Build.0 = Release|Any CPU
	EndGlobalSection
	GlobalSection(SolutionProperties) = preSolution
		HideSolutionNode = FALSE
	EndGlobalSection
	GlobalSection(ExtensibilityGlobals) = postSolution
		SolutionGuid = {EFB6AEA4-9585-40F7-975D-E84A7B0F9935}
	EndGlobalSection
EndGlobal
